
Microsoft Visual Studio Solution File, Format Version 12.00
# Visual Studio Version 16
VisualStudioVersion = 16.0.29709.97
MinimumVisualStudioVersion = 10.0.40219.1
Project("{FAE04EC0-301F-11D3-BF4B-00C04F79EFBC}") = "LearningCSharp", "LearningCSharp\LearningCSharp.csproj", "{537563E1-88BB-4E68-9102-13B311B1E098}"
EndProject
Global
	GlobalSection(SolutionConfigurationPlatforms) = preSolution
		Debug|Any CPU = Debug|Any CPU
		Release|Any CPU = Release|Any CPU
	EndGlobalSection
	GlobalSection(ProjectConfigurationPlatforms) = postSolution
		{537563E1-88BB-4E68-9102-13B311B1E098}.Debug|Any CPU.ActiveCfg = Debug|Any CPU
		{537563E1-88BB-4E68-9102-13B311B1E098}.Debug|Any CPU.Build.0 = Debug|Any CPU
		{537563E1-88BB-4E68-9102-13B311B1E098}.Release|Any CPU.ActiveCfg = Release|Any CPU
		{537563E1-88BB-4E68-9102-13B311B1E098}.Release|Any CPU.Build.0 = Release|Any CPU
	EndGlobalSection
	GlobalSection(SolutionProperties) = preSolution
		HideSolutionNode = FALSE
	EndGlobalSection
	GlobalSection(ExtensibilityGlobals) = postSolution
		SolutionGuid = {F8796D92-E7B2-4B99-9FE8-593C5F76EC65}
	EndGlobalSection
EndGlobal
